
Microsoft Visual Studio Solution File, Format Version 12.00
# Visual Studio Version 17
VisualStudioVersion = 17.14.36603.0
MinimumVisualStudioVersion = 10.0.40219.1
Project("{FAE04EC0-301F-11D3-BF4B-00C04F79EFBC}") = "wealth-tracker", "wealth-tracker\wealth-tracker.csproj", "{48C568A0-DA29-47CB-ABFC-29E8FF1E36A0}"
EndProject
Project("{FAE04EC0-301F-11D3-BF4B-00C04F79EFBC}") = "wealth-tracker.Tests", "wealth-tracker.Tests\wealth-tracker.Tests.csproj", "{F7AD3ED8-8BC4-4ADF-8FD7-3B50D9164932}"
EndProject
Project("{FAE04EC0-301F-11D3-BF4B-00C04F79EFBC}") = "wealth-tracker.Api", "wealth-tracker.Api\wealth-tracker.Api.csproj", "{3C61D047-461B-4734-AABD-3EA6BA2A75DE}"
EndProject
Global
	GlobalSection(SolutionConfigurationPlatforms) = preSolution
		Debug|Any CPU = Debug|Any CPU
		Release|Any CPU = Release|Any CPU
	EndGlobalSection
	GlobalSection(ProjectConfigurationPlatforms) = postSolution
		{48C568A0-DA29-47CB-ABFC-29E8FF1E36A0}.Debug|Any CPU.ActiveCfg = Debug|Any CPU
		{48C568A0-DA29-47CB-ABFC-29E8FF1E36A0}.Debug|Any CPU.Build.0 = Debug|Any CPU
		{48C568A0-DA29-47CB-ABFC-29E8FF1E36A0}.Release|Any CPU.ActiveCfg = Release|Any CPU
		{48C568A0-DA29-47CB-ABFC-29E8FF1E36A0}.Release|Any CPU.Build.0 = Release|Any CPU
		{F7AD3ED8-8BC4-4ADF-8FD7-3B50D9164932}.Debug|Any CPU.ActiveCfg = Debug|Any CPU
		{F7AD3ED8-8BC4-4ADF-8FD7-3B50D9164932}.Debug|Any CPU.Build.0 = Debug|Any CPU
		{F7AD3ED8-8BC4-4ADF-8FD7-3B50D9164932}.Release|Any CPU.ActiveCfg = Release|Any CPU
		{F7AD3ED8-8BC4-4ADF-8FD7-3B50D9164932}.Release|Any CPU.Build.0 = Release|Any CPU
		{3C61D047-461B-4734-AABD-3EA6BA2A75DE}.Debug|Any CPU.ActiveCfg = Debug|Any CPU
		{3C61D047-461B-4734-AABD-3EA6BA2A75DE}.Debug|Any CPU.Build.0 = Debug|Any CPU
		{3C61D047-461B-4734-AABD-3EA6BA2A75DE}.Release|Any CPU.ActiveCfg = Release|Any CPU
		{3C61D047-461B-4734-AABD-3EA6BA2A75DE}.Release|Any CPU.Build.0 = Release|Any CPU
	EndGlobalSection
	GlobalSection(SolutionProperties) = preSolution
		HideSolutionNode = FALSE
	EndGlobalSection
	GlobalSection(ExtensibilityGlobals) = postSolution
		SolutionGuid = {EDC8C1EF-4F8F-4CF2-94A5-2E256E14F8B9}
	EndGlobalSection
EndGlobal
